# This file is automatically @generated by Cargo.
# It is not intended for manual editing.
version = 4

[[package]]
name = "gowired-avr"
version = "3.0.0"
dependencies = [
 "gowired-core",
]

[[package]]
name = "gowired-core"
version = "3.0.0"

[[package]]
name = "gowired-firmware"
version = "3.0.0"
dependencies = [
 "gowired-avr",
 "gowired-core",
]
